
Microsoft Visual Studio Solution File, Format Version 12.00
# Visual Studio Version 17
VisualStudioVersion = 17.14.36414.22 d17.14
MinimumVisualStudioVersion = 10.0.40219.1
Project("{FAE04EC0-301F-11D3-BF4B-00C04F79EFBC}") = "MovingCards", "MovingCards.csproj", "{74DA57ED-5890-4477-A567-6981FABBFD1E}"
EndProject
Global
	GlobalSection(SolutionConfigurationPlatforms) = preSolution
		Debug|Any CPU = Debug|Any CPU
		Release|Any CPU = Release|Any CPU
	EndGlobalSection
	GlobalSection(ProjectConfigurationPlatforms) = postSolution
		{74DA57ED-5890-4477-A567-6981FABBFD1E}.Debug|Any CPU.ActiveCfg = Debug|Any CPU
		{74DA57ED-5890-4477-A567-6981FABBFD1E}.Debug|Any CPU.Build.0 = Debug|Any CPU
		{74DA57ED-5890-4477-A567-6981FABBFD1E}.Release|Any CPU.ActiveCfg = Release|Any CPU
		{74DA57ED-5890-4477-A567-6981FABBFD1E}.Release|Any CPU.Build.0 = Release|Any CPU
	EndGlobalSection
	GlobalSection(SolutionProperties) = preSolution
		HideSolutionNode = FALSE
	EndGlobalSection
	GlobalSection(ExtensibilityGlobals) = postSolution
		SolutionGuid = {ACF9945C-E31F-4871-A39F-D91655076E6F}
	EndGlobalSection
EndGlobal
